
Microsoft Visual Studio Solution File, Format Version 12.00
# Visual Studio Version 17
VisualStudioVersion = 17.8.34316.72
MinimumVisualStudioVersion = 10.0.40219.1
Project("{9A19103F-16F7-4668-BE54-9A1E7A4F7556}") = "BlazorAppTestWasm.Server", "BlazorAppTestWasm\Server\BlazorAppTestWasm.Server.csproj", "{D5E0E1B6-2D63-484C-90B4-B06288913E90}"
EndProject
Project("{9A19103F-16F7-4668-BE54-9A1E7A4F7556}") = "BlazorAppTestWasm.Client", "BlazorAppTestWasm\Client\BlazorAppTestWasm.Client.csproj", "{08165667-33CE-41D3-B6D4-BF2CE94B0311}"
EndProject
Project("{9A19103F-16F7-4668-BE54-9A1E7A4F7556}") = "BlazorAppTestWasm.Shared", "BlazorAppTestWasm\Shared\BlazorAppTestWasm.Shared.csproj", "{563CAA73-DD80-4517-BA32-7413F9BB5F7C}"
EndProject
Global
	GlobalSection(SolutionConfigurationPlatforms) = preSolution
		Debug|Any CPU = Debug|Any CPU
		Release|Any CPU = Release|Any CPU
	EndGlobalSection
	GlobalSection(ProjectConfigurationPlatforms) = postSolution
		{D5E0E1B6-2D63-484C-90B4-B06288913E90}.Debug|Any CPU.ActiveCfg = Debug|Any CPU
		{D5E0E1B6-2D63-484C-90B4-B06288913E90}.Debug|Any CPU.Build.0 = Debug|Any CPU
		{D5E0E1B6-2D63-484C-90B4-B06288913E90}.Release|Any CPU.ActiveCfg = Release|Any CPU
		{D5E0E1B6-2D63-484C-90B4-B06288913E90}.Release|Any CPU.Build.0 = Release|Any CPU
		{08165667-33CE-41D3-B6D4-BF2CE94B0311}.Debug|Any CPU.ActiveCfg = Debug|Any CPU
		{08165667-33CE-41D3-B6D4-BF2CE94B0311}.Debug|Any CPU.Build.0 = Debug|Any CPU
		{08165667-33CE-41D3-B6D4-BF2CE94B0311}.Release|Any CPU.ActiveCfg = Release|Any CPU
		{08165667-33CE-41D3-B6D4-BF2CE94B0311}.Release|Any CPU.Build.0 = Release|Any CPU
		{563CAA73-DD80-4517-BA32-7413F9BB5F7C}.Debug|Any CPU.ActiveCfg = Debug|Any CPU
		{563CAA73-DD80-4517-BA32-7413F9BB5F7C}.Debug|Any CPU.Build.0 = Debug|Any CPU
		{563CAA73-DD80-4517-BA32-7413F9BB5F7C}.Release|Any CPU.ActiveCfg = Release|Any CPU
		{563CAA73-DD80-4517-BA32-7413F9BB5F7C}.Release|Any CPU.Build.0 = Release|Any CPU
	EndGlobalSection
	GlobalSection(SolutionProperties) = preSolution
		HideSolutionNode = FALSE
	EndGlobalSection
	GlobalSection(ExtensibilityGlobals) = postSolution
		SolutionGuid = {BA418EC9-7CFE-4F51-BC45-1F28F051F3BA}
	EndGlobalSection
EndGlobal
